{
  "pins" : [
    {
      "identity" : "codablecsv",
      "kind" : "remoteSourceControl",
      "location" : "https://github.com/dehesa/CodableCSV.git",
      "state" : {
        "branch" : "master",
        "revision" : "99ace2cfdfbc19108b529c021005fb57a460e715"
      }
    }
  ],
  "version" : 2
}
